{
  "originHash" : "7dfaef0747c95e956c92cfb69c2bfe9e339f0de1d2b1a67562caad787ded7b85",
  "pins" : [
    {
      "identity" : "ddmathparser",
      "kind" : "remoteSourceControl",
      "location" : "https://github.com/davedelong/DDMathParser/",
      "state" : {
        "revision" : "0a159109e2393c3e1db4e2b638009c82e6650b4d",
        "version" : "3.1.0"
      }
    }
  ],
  "version" : 3
}
